
Microsoft Visual Studio Solution File, Format Version 12.00
# Visual Studio 2012
Project("{FAE04EC0-301F-11D3-BF4B-00C04F79EFBC}") = "ShadowNavBarSample", "ShadowNavBarSample\ShadowNavBarSample.csproj", "{5D90AA3E-66EF-47D6-9FF8-0090DA35E9B1}"
EndProject
Project("{FAE04EC0-301F-11D3-BF4B-00C04F79EFBC}") = "ShadowNavBarSample.iOS", "iOS\ShadowNavBarSample.iOS.csproj", "{5F810580-78C5-4000-B13B-82B3DA193ADD}"
EndProject
Project("{FAE04EC0-301F-11D3-BF4B-00C04F79EFBC}") = "ShadowNavBarSample.Droid", "Droid\ShadowNavBarSample.Droid.csproj", "{2944D83F-5BD0-493F-8D95-6769CFE848E0}"
EndProject
Global
	GlobalSection(SolutionConfigurationPlatforms) = preSolution
		Debug|Any CPU = Debug|Any CPU
		Release|Any CPU = Release|Any CPU
		Debug|iPhoneSimulator = Debug|iPhoneSimulator
		Release|iPhone = Release|iPhone
		Release|iPhoneSimulator = Release|iPhoneSimulator
		Debug|iPhone = Debug|iPhone
	EndGlobalSection
	GlobalSection(ProjectConfigurationPlatforms) = postSolution
		{5D90AA3E-66EF-47D6-9FF8-0090DA35E9B1}.Debug|Any CPU.ActiveCfg = Debug|Any CPU
		{5D90AA3E-66EF-47D6-9FF8-0090DA35E9B1}.Debug|Any CPU.Build.0 = Debug|Any CPU
		{5D90AA3E-66EF-47D6-9FF8-0090DA35E9B1}.Release|Any CPU.ActiveCfg = Release|Any CPU
		{5D90AA3E-66EF-47D6-9FF8-0090DA35E9B1}.Release|Any CPU.Build.0 = Release|Any CPU
		{5D90AA3E-66EF-47D6-9FF8-0090DA35E9B1}.Debug|iPhoneSimulator.ActiveCfg = Debug|Any CPU
		{5D90AA3E-66EF-47D6-9FF8-0090DA35E9B1}.Debug|iPhoneSimulator.Build.0 = Debug|Any CPU
		{5D90AA3E-66EF-47D6-9FF8-0090DA35E9B1}.Release|iPhone.ActiveCfg = Release|Any CPU
		{5D90AA3E-66EF-47D6-9FF8-0090DA35E9B1}.Release|iPhone.Build.0 = Release|Any CPU
		{5D90AA3E-66EF-47D6-9FF8-0090DA35E9B1}.Release|iPhoneSimulator.ActiveCfg = Release|Any CPU
		{5D90AA3E-66EF-47D6-9FF8-0090DA35E9B1}.Release|iPhoneSimulator.Build.0 = Release|Any CPU
		{5D90AA3E-66EF-47D6-9FF8-0090DA35E9B1}.Debug|iPhone.ActiveCfg = Debug|Any CPU
		{5D90AA3E-66EF-47D6-9FF8-0090DA35E9B1}.Debug|iPhone.Build.0 = Debug|Any CPU
		{5F810580-78C5-4000-B13B-82B3DA193ADD}.Debug|Any CPU.ActiveCfg = Debug|iPhoneSimulator
		{5F810580-78C5-4000-B13B-82B3DA193ADD}.Debug|Any CPU.Build.0 = Debug|iPhoneSimulator
		{5F810580-78C5-4000-B13B-82B3DA193ADD}.Release|Any CPU.ActiveCfg = Release|iPhone
		{5F810580-78C5-4000-B13B-82B3DA193ADD}.Release|Any CPU.Build.0 = Release|iPhone
		{5F810580-78C5-4000-B13B-82B3DA193ADD}.Debug|iPhoneSimulator.ActiveCfg = Debug|iPhoneSimulator
		{5F810580-78C5-4000-B13B-82B3DA193ADD}.Debug|iPhoneSimulator.Build.0 = Debug|iPhoneSimulator
		{5F810580-78C5-4000-B13B-82B3DA193ADD}.Release|iPhone.ActiveCfg = Release|iPhone
		{5F810580-78C5-4000-B13B-82B3DA193ADD}.Release|iPhone.Build.0 = Release|iPhone
		{5F810580-78C5-4000-B13B-82B3DA193ADD}.Release|iPhoneSimulator.ActiveCfg = Release|iPhoneSimulator
		{5F810580-78C5-4000-B13B-82B3DA193ADD}.Release|iPhoneSimulator.Build.0 = Release|iPhoneSimulator
		{5F810580-78C5-4000-B13B-82B3DA193ADD}.Debug|iPhone.ActiveCfg = Debug|iPhone
		{5F810580-78C5-4000-B13B-82B3DA193ADD}.Debug|iPhone.Build.0 = Debug|iPhone
		{2944D83F-5BD0-493F-8D95-6769CFE848E0}.Debug|Any CPU.ActiveCfg = Debug|Any CPU
		{2944D83F-5BD0-493F-8D95-6769CFE848E0}.Debug|Any CPU.Build.0 = Debug|Any CPU
		{2944D83F-5BD0-493F-8D95-6769CFE848E0}.Release|Any CPU.ActiveCfg = Release|Any CPU
		{2944D83F-5BD0-493F-8D95-6769CFE848E0}.Release|Any CPU.Build.0 = Release|Any CPU
		{2944D83F-5BD0-493F-8D95-6769CFE848E0}.Debug|iPhoneSimulator.ActiveCfg = Debug|Any CPU
		{2944D83F-5BD0-493F-8D95-6769CFE848E0}.Debug|iPhoneSimulator.Build.0 = Debug|Any CPU
		{2944D83F-5BD0-493F-8D95-6769CFE848E0}.Release|iPhone.ActiveCfg = Release|Any CPU
		{2944D83F-5BD0-493F-8D95-6769CFE848E0}.Release|iPhone.Build.0 = Release|Any CPU
		{2944D83F-5BD0-493F-8D95-6769CFE848E0}.Release|iPhoneSimulator.ActiveCfg = Release|Any CPU
		{2944D83F-5BD0-493F-8D95-6769CFE848E0}.Release|iPhoneSimulator.Build.0 = Release|Any CPU
		{2944D83F-5BD0-493F-8D95-6769CFE848E0}.Debug|iPhone.ActiveCfg = Debug|Any CPU
		{2944D83F-5BD0-493F-8D95-6769CFE848E0}.Debug|iPhone.Build.0 = Debug|Any CPU
	EndGlobalSection
EndGlobal
